// !$*UTF8*$!
{
	archiveVersion = 1;
	classes = {
	};
	objectVersion = 50;
	objects = {

/* Begin PBXBuildFile section */
		C8FCB45D28912E4A00AE018F /* AppDelegate.swift in Sources */ = {isa = PBXBuildFile; fileRef = C8FCB45C28912E4A00AE018F /* AppDelegate.swift */; };
		C8FCB45F28912E4A00AE018F /* SceneDelegate.swift in Sources */ = {isa = PBXBuildFile; fileRef = C8FCB45E28912E4A00AE018F /* SceneDelegate.swift */; };
		C8FCB46128912E4A00AE018F /* ViewController.swift in Sources */ = {isa = PBXBuildFile; fileRef = C8FCB46028912E4A00AE018F /* ViewController.swift */; };
		C8FCB46428912E4A00AE018F /* Main.storyboard in Resources */ = {isa = PBXBuildFile; fileRef = C8FCB46228912E4A00AE018F /* Main.storyboard */; };
		C8FCB46728912E4A00AE018F /* LearnZero.xcdatamodeld in Sources */ = {isa = PBXBuildFile; fileRef = C8FCB46528912E4A00AE018F /* LearnZero.xcdatamodeld */; };
		C8FCB46928912E4A00AE018F /* Assets.xcassets in Resources */ = {isa = PBXBuildFile; fileRef = C8FCB46828912E4A00AE018F /* Assets.xcassets */; };
		C8FCB46C28912E4A00AE018F /* LaunchScreen.storyboard in Resources */ = {isa = PBXBuildFile; fileRef = C8FCB46A28912E4A00AE018F /* LaunchScreen.storyboard */; };
		C8FCB47728912E4A00AE018F /* LearnZeroTests.swift in Sources */ = {isa = PBXBuildFile; fileRef = C8FCB47628912E4A00AE018F /* LearnZeroTests.swift */; };
		C8FCB48228912E4A00AE018F /* LearnZeroUITests.swift in Sources */ = {isa = PBXBuildFile; fileRef = C8FCB48128912E4A00AE018F /* LearnZeroUITests.swift */; };
/* End PBXBuildFile section */

/* Begin PBXContainerItemProxy section */
		C8FCB47328912E4A00AE018F /* PBXContainerItemProxy */ = {
			isa = PBXContainerItemProxy;
			containerPortal = C8FCB45128912E4900AE018F /* Project object */;
			proxyType = 1;
			remoteGlobalIDString = C8FCB45828912E4A00AE018F;
			remoteInfo = LearnZero;
		};
		C8FCB47E28912E4A00AE018F /* PBXContainerItemProxy */ = {
			isa = PBXContainerItemProxy;
			containerPortal = C8FCB45128912E4900AE018F /* Project object */;
			proxyType = 1;
			remoteGlobalIDString = C8FCB45828912E4A00AE018F;
			remoteInfo = LearnZero;
		};
/* End PBXContainerItemProxy section */

/* Begin PBXFileReference section */
		C8FCB45928912E4A00AE018F /* LearnZero.app */ = {isa = PBXFileReference; explicitFileType = wrapper.application; includeInIndex = 0; path = LearnZero.app; sourceTree = BUILT_PRODUCTS_DIR; };
		C8FCB45C28912E4A00AE018F /* AppDelegate.swift */ = {isa = PBXFileReference; lastKnownFileType = sourcecode.swift; path = AppDelegate.swift; sourceTree = "<group>"; };
		C8FCB45E28912E4A00AE018F /* SceneDelegate.swift */ = {isa = PBXFileReference; lastKnownFileType = sourcecode.swift; path = SceneDelegate.swift; sourceTree = "<group>"; };
		C8FCB46028912E4A00AE018F /* ViewController.swift */ = {isa = PBXFileReference; lastKnownFileType = sourcecode.swift; path = ViewController.swift; sourceTree = "<group>"; };
		C8FCB46328912E4A00AE018F /* Base */ = {isa = PBXFileReference; lastKnownFileType = file.storyboard; name = Base; path = Base.lproj/Main.storyboard; sourceTree = "<group>"; };
		C8FCB46628912E4A00AE018F /* LearnZero.xcdatamodel */ = {isa = PBXFileReference; lastKnownFileType = wrapper.xcdatamodel; path = LearnZero.xcdatamodel; sourceTree = "<group>"; };
		C8FCB46828912E4A00AE018F /* Assets.xcassets */ = {isa = PBXFileReference; lastKnownFileType = folder.assetcatalog; path = Assets.xcassets; sourceTree = "<group>"; };
		C8FCB46B28912E4A00AE018F /* Base */ = {isa = PBXFileReference; lastKnownFileType = file.storyboard; name = Base; path = Base.lproj/LaunchScreen.storyboard; sourceTree = "<group>"; };
		C8FCB46D28912E4A00AE018F /* Info.plist */ = {isa = PBXFileReference; lastKnownFileType = text.plist.xml; path = Info.plist; sourceTree = "<group>"; };
		C8FCB47228912E4A00AE018F /* LearnZeroTests.xctest */ = {isa = PBXFileReference; explicitFileType = wrapper.cfbundle; includeInIndex = 0; path = LearnZeroTests.xctest; sourceTree = BUILT_PRODUCTS_DIR; };
		C8FCB47628912E4A00AE018F /* LearnZeroTests.swift */ = {isa = PBXFileReference; lastKnownFileType = sourcecode.swift; path = LearnZeroTests.swift; sourceTree = "<group>"; };
		C8FCB47828912E4A00AE018F /* Info.plist */ = {isa = PBXFileReference; lastKnownFileType = text.plist.xml; path = Info.plist; sourceTree = "<group>"; };
		C8FCB47D28912E4A00AE018F /* LearnZeroUITests.xctest */ = {isa = PBXFileReference; explicitFileType = wrapper.cfbundle; includeInIndex = 0; path = LearnZeroUITests.xctest; sourceTree = BUILT_PRODUCTS_DIR; };
		C8FCB48128912E4A00AE018F /* LearnZeroUITests.swift */ = {isa = PBXFileReference; lastKnownFileType = sourcecode.swift; path = LearnZeroUITests.swift; sourceTree = "<group>"; };
		C8FCB48328912E4A00AE018F /* Info.plist */ = {isa = PBXFileReference; lastKnownFileType = text.plist.xml; path = Info.plist; sourceTree = "<group>"; };
/* End PBXFileReference section */

/* Begin PBXFrameworksBuildPhase section */
		C8FCB45628912E4A00AE018F /* Frameworks */ = {
			isa = PBXFrameworksBuildPhase;
			buildActionMask = 2147483647;
			files = (
			);
			runOnlyForDeploymentPostprocessing = 0;
		};
		C8FCB46F28912E4A00AE018F /* Frameworks */ = {
			isa = PBXFrameworksBuildPhase;
			buildActionMask = 2147483647;
			files = (
			);
			runOnlyForDeploymentPostprocessing = 0;
		};
		C8FCB47A28912E4A00AE018F /* Frameworks */ = {
			isa = PBXFrameworksBuildPhase;
			buildActionMask = 2147483647;
			files = (
			);
			runOnlyForDeploymentPostprocessing = 0;
		};
/* End PBXFrameworksBuildPhase section */

/* Begin PBXGroup section */
		C8FCB45028912E4900AE018F = {
			isa = PBXGroup;
			children = (
				C8FCB45B28912E4A00AE018F /* LearnZero */,
				C8FCB47528912E4A00AE018F /* LearnZeroTests */,
				C8FCB48028912E4A00AE018F /* LearnZeroUITests */,
				C8FCB45A28912E4A00AE018F /* Products */,
			);
			sourceTree = "<group>";
		};
		C8FCB45A28912E4A00AE018F /* Products */ = {
			isa = PBXGroup;
			children = (
				C8FCB45928912E4A00AE018F /* LearnZero.app */,
				C8FCB47228912E4A00AE018F /* LearnZeroTests.xctest */,
				C8FCB47D28912E4A00AE018F /* LearnZeroUITests.xctest */,
			);
			name = Products;
			sourceTree = "<group>";
		};
		C8FCB45B28912E4A00AE018F /* LearnZero */ = {
			isa = PBXGroup;
			children = (
				C8FCB49028915C0D00AE018F /* applications */,
				C8FCB48F28915BF000AE018F /* controllers */,
				C8FCB49128915C2B00AE018F /* resourses */,
			);
			path = LearnZero;
			sourceTree = "<group>";
		};
		C8FCB47528912E4A00AE018F /* LearnZeroTests */ = {
			isa = PBXGroup;
			children = (
				C8FCB47628912E4A00AE018F /* LearnZeroTests.swift */,
				C8FCB47828912E4A00AE018F /* Info.plist */,
			);
			path = LearnZeroTests;
			sourceTree = "<group>";
		};
		C8FCB48028912E4A00AE018F /* LearnZeroUITests */ = {
			isa = PBXGroup;
			children = (
				C8FCB48128912E4A00AE018F /* LearnZeroUITests.swift */,
				C8FCB48328912E4A00AE018F /* Info.plist */,
			);
			path = LearnZeroUITests;
			sourceTree = "<group>";
		};
		C8FCB48F28915BF000AE018F /* controllers */ = {
			isa = PBXGroup;
			children = (
				C8FCB46028912E4A00AE018F /* ViewController.swift */,
			);
			path = controllers;
			sourceTree = "<group>";
		};
		C8FCB49028915C0D00AE018F /* applications */ = {
			isa = PBXGroup;
			children = (
				C8FCB45C28912E4A00AE018F /* AppDelegate.swift */,
				C8FCB45E28912E4A00AE018F /* SceneDelegate.swift */,
			);
			path = applications;
			sourceTree = "<group>";
		};
		C8FCB49128915C2B00AE018F /* resourses */ = {
			isa = PBXGroup;
			children = (
				C8FCB46828912E4A00AE018F /* Assets.xcassets */,
				C8FCB46228912E4A00AE018F /* Main.storyboard */,
				C8FCB46A28912E4A00AE018F /* LaunchScreen.storyboard */,
				C8FCB46D28912E4A00AE018F /* Info.plist */,
				C8FCB46528912E4A00AE018F /* LearnZero.xcdatamodeld */,
			);
			path = resourses;
			sourceTree = "<group>";
		};
/* End PBXGroup section */

/* Begin PBXNativeTarget section */
		C8FCB45828912E4A00AE018F /* LearnZero */ = {
			isa = PBXNativeTarget;
			buildConfigurationList = C8FCB48628912E4A00AE018F /* Build configuration list for PBXNativeTarget "LearnZero" */;
			buildPhases = (
				C8FCB45528912E4A00AE018F /* Sources */,
				C8FCB45628912E4A00AE018F /* Frameworks */,
				C8FCB45728912E4A00AE018F /* Resources */,
			);
			buildRules = (
			);
			dependencies = (
			);
			name = LearnZero;
			productName = LearnZero;
			productReference = C8FCB45928912E4A00AE018F /* LearnZero.app */;
			productType = "com.apple.product-type.application";
		};
		C8FCB47128912E4A00AE018F /* LearnZeroTests */ = {
			isa = PBXNativeTarget;
			buildConfigurationList = C8FCB48928912E4A00AE018F /* Build configuration list for PBXNativeTarget "LearnZeroTests" */;
			buildPhases = (
				C8FCB46E28912E4A00AE018F /* Sources */,
				C8FCB46F28912E4A00AE018F /* Frameworks */,
				C8FCB47028912E4A00AE018F /* Resources */,
			);
			buildRules = (
			);
			dependencies = (
				C8FCB47428912E4A00AE018F /* PBXTargetDependency */,
			);
			name = LearnZeroTests;
			productName = LearnZeroTests;
			productReference = C8FCB47228912E4A00AE018F /* LearnZeroTests.xctest */;
			productType = "com.apple.product-type.bundle.unit-test";
		};
		C8FCB47C28912E4A00AE018F /* LearnZeroUITests */ = {
			isa = PBXNativeTarget;
			buildConfigurationList = C8FCB48C28912E4A00AE018F /* Build configuration list for PBXNativeTarget "LearnZeroUITests" */;
			buildPhases = (
				C8FCB47928912E4A00AE018F /* Sources */,
				C8FCB47A28912E4A00AE018F /* Frameworks */,
				C8FCB47B28912E4A00AE018F /* Resources */,
			);
			buildRules = (
			);
			dependencies = (
				C8FCB47F28912E4A00AE018F /* PBXTargetDependency */,
			);
			name = LearnZeroUITests;
			productName = LearnZeroUITests;
			productReference = C8FCB47D28912E4A00AE018F /* LearnZeroUITests.xctest */;
			productType = "com.apple.product-type.bundle.ui-testing";
		};
/* End PBXNativeTarget section */

/* Begin PBXProject section */
		C8FCB45128912E4900AE018F /* Project object */ = {
			isa = PBXProject;
			attributes = {
				LastSwiftUpdateCheck = 1250;
				LastUpgradeCheck = 1250;
				TargetAttributes = {
					C8FCB45828912E4A00AE018F = {
						CreatedOnToolsVersion = 12.5.1;
					};
					C8FCB47128912E4A00AE018F = {
						CreatedOnToolsVersion = 12.5.1;
						TestTargetID = C8FCB45828912E4A00AE018F;
					};
					C8FCB47C28912E4A00AE018F = {
						CreatedOnToolsVersion = 12.5.1;
						TestTargetID = C8FCB45828912E4A00AE018F;
					};
				};
			};
			buildConfigurationList = C8FCB45428912E4900AE018F /* Build configuration list for PBXProject "LearnZero" */;
			compatibilityVersion = "Xcode 9.3";
			developmentRegion = en;
			hasScannedForEncodings = 0;
			knownRegions = (
				en,
				Base,
			);
			mainGroup = C8FCB45028912E4900AE018F;
			productRefGroup = C8FCB45A28912E4A00AE018F /* Products */;
			projectDirPath = "";
			projectRoot = "";
			targets = (
				C8FCB45828912E4A00AE018F /* LearnZero */,
				C8FCB47128912E4A00AE018F /* LearnZeroTests */,
				C8FCB47C28912E4A00AE018F /* LearnZeroUITests */,
			);
		};
/* End PBXProject section */

/* Begin PBXResourcesBuildPhase section */
		C8FCB45728912E4A00AE018F /* Resources */ = {
			isa = PBXResourcesBuildPhase;
			buildActionMask = 2147483647;
			files = (
				C8FCB46C28912E4A00AE018F /* LaunchScreen.storyboard in Resources */,
				C8FCB46928912E4A00AE018F /* Assets.xcassets in Resources */,
				C8FCB46428912E4A00AE018F /* Main.storyboard in Resources */,
			);
			runOnlyForDeploymentPostprocessing = 0;
		};
		C8FCB47028912E4A00AE018F /* Resources */ = {
			isa = PBXResourcesBuildPhase;
			buildActionMask = 2147483647;
			files = (
			);
			runOnlyForDeploymentPostprocessing = 0;
		};
		C8FCB47B28912E4A00AE018F /* Resources */ = {
			isa = PBXResourcesBuildPhase;
			buildActionMask = 2147483647;
			files = (
			);
			runOnlyForDeploymentPostprocessing = 0;
		};
/* End PBXResourcesBuildPhase section */

/* Begin PBXSourcesBuildPhase section */
		C8FCB45528912E4A00AE018F /* Sources */ = {
			isa = PBXSourcesBuildPhase;
			buildActionMask = 2147483647;
			files = (
				C8FCB46728912E4A00AE018F /* LearnZero.xcdatamodeld in Sources */,
				C8FCB46128912E4A00AE018F /* ViewController.swift in Sources */,
				C8FCB45D28912E4A00AE018F /* AppDelegate.swift in Sources */,
				C8FCB45F28912E4A00AE018F /* SceneDelegate.swift in Sources */,
			);
			runOnlyForDeploymentPostprocessing = 0;
		};
		C8FCB46E28912E4A00AE018F /* Sources */ = {
			isa = PBXSourcesBuildPhase;
			buildActionMask = 2147483647;
			files = (
				C8FCB47728912E4A00AE018F /* LearnZeroTests.swift in Sources */,
			);
			runOnlyForDeploymentPostprocessing = 0;
		};
		C8FCB47928912E4A00AE018F /* Sources */ = {
			isa = PBXSourcesBuildPhase;
			buildActionMask = 2147483647;
			files = (
				C8FCB48228912E4A00AE018F /* LearnZeroUITests.swift in Sources */,
			);
			runOnlyForDeploymentPostprocessing = 0;
		};
/* End PBXSourcesBuildPhase section */

/* Begin PBXTargetDependency section */
		C8FCB47428912E4A00AE018F /* PBXTargetDependency */ = {
			isa = PBXTargetDependency;
			target = C8FCB45828912E4A00AE018F /* LearnZero */;
			targetProxy = C8FCB47328912E4A00AE018F /* PBXContainerItemProxy */;
		};
		C8FCB47F28912E4A00AE018F /* PBXTargetDependency */ = {
			isa = PBXTargetDependency;
			target = C8FCB45828912E4A00AE018F /* LearnZero */;
			targetProxy = C8FCB47E28912E4A00AE018F /* PBXContainerItemProxy */;
		};
/* End PBXTargetDependency section */

/* Begin PBXVariantGroup section */
		C8FCB46228912E4A00AE018F /* Main.storyboard */ = {
			isa = PBXVariantGroup;
			children = (
				C8FCB46328912E4A00AE018F /* Base */,
			);
			name = Main.storyboard;
			sourceTree = "<group>";
		};
		C8FCB46A28912E4A00AE018F /* LaunchScreen.storyboard */ = {
			isa = PBXVariantGroup;
			children = (
				C8FCB46B28912E4A00AE018F /* Base */,
			);
			name = LaunchScreen.storyboard;
			sourceTree = "<group>";
		};
/* End PBXVariantGroup section */

/* Begin XCBuildConfiguration section */
		C8FCB48428912E4A00AE018F /* Debug */ = {
			isa = XCBuildConfiguration;
			buildSettings = {
				ALWAYS_SEARCH_USER_PATHS = NO;
				CLANG_ANALYZER_NONNULL = YES;
				CLANG_ANALYZER_NUMBER_OBJECT_CONVERSION = YES_AGGRESSIVE;
				CLANG_CXX_LANGUAGE_STANDARD = "gnu++14";
				CLANG_CXX_LIBRARY = "libc++";
				CLANG_ENABLE_MODULES = YES;
				CLANG_ENABLE_OBJC_ARC = YES;
				CLANG_ENABLE_OBJC_WEAK = YES;
				CLANG_WARN_BLOCK_CAPTURE_AUTORELEASING = YES;
				CLANG_WARN_BOOL_CONVERSION = YES;
				CLANG_WARN_COMMA = YES;
				CLANG_WARN_CONSTANT_CONVERSION = YES;
				CLANG_WARN_DEPRECATED_OBJC_IMPLEMENTATIONS = YES;
				CLANG_WARN_DIRECT_OBJC_ISA_USAGE = YES_ERROR;
				CLANG_WARN_DOCUMENTATION_COMMENTS = YES;
				CLANG_WARN_EMPTY_BODY = YES;
				CLANG_WARN_ENUM_CONVERSION = YES;
				CLANG_WARN_INFINITE_RECURSION = YES;
				CLANG_WARN_INT_CONVERSION = YES;
				CLANG_WARN_NON_LITERAL_NULL_CONVERSION = YES;
				CLANG_WARN_OBJC_IMPLICIT_RETAIN_SELF = YES;
				CLANG_WARN_OBJC_LITERAL_CONVERSION = YES;
				CLANG_WARN_OBJC_ROOT_CLASS = YES_ERROR;
				CLANG_WARN_QUOTED_INCLUDE_IN_FRAMEWORK_HEADER = YES;
				CLANG_WARN_RANGE_LOOP_ANALYSIS = YES;
				CLANG_WARN_STRICT_PROTOTYPES = YES;
				CLANG_WARN_SUSPICIOUS_MOVE = YES;
				CLANG_WARN_UNGUARDED_AVAILABILITY = YES_AGGRESSIVE;
				CLANG_WARN_UNREACHABLE_CODE = YES;
				CLANG_WARN__DUPLICATE_METHOD_MATCH = YES;
				COPY_PHASE_STRIP = NO;
				DEBUG_INFORMATION_FORMAT = dwarf;
				ENABLE_STRICT_OBJC_MSGSEND = YES;
				ENABLE_TESTABILITY = YES;
				GCC_C_LANGUAGE_STANDARD = gnu11;
				GCC_DYNAMIC_NO_PIC = NO;
				GCC_NO_COMMON_BLOCKS = YES;
				GCC_OPTIMIZATION_LEVEL = 0;
				GCC_PREPROCESSOR_DEFINITIONS = (
					"DEBUG=1",
					"$(inherited)",
				);
				GCC_WARN_64_TO_32_BIT_CONVERSION = YES;
				GCC_WARN_ABOUT_RETURN_TYPE = YES_ERROR;
				GCC_WARN_UNDECLARED_SELECTOR = YES;
				GCC_WARN_UNINITIALIZED_AUTOS = YES_AGGRESSIVE;
				GCC_WARN_UNUSED_FUNCTION = YES;
				GCC_WARN_UNUSED_VARIABLE = YES;
				IPHONEOS_DEPLOYMENT_TARGET = 14.5;
				MTL_ENABLE_DEBUG_INFO = INCLUDE_SOURCE;
				MTL_FAST_MATH = YES;
				ONLY_ACTIVE_ARCH = YES;
				SDKROOT = iphoneos;
				SWIFT_ACTIVE_COMPILATION_CONDITIONS = DEBUG;
				SWIFT_OPTIMIZATION_LEVEL = "-Onone";
			};
			name = Debug;
		};
		C8FCB48528912E4A00AE018F /* Release */ = {
			isa = XCBuildConfiguration;
			buildSettings = {
				ALWAYS_SEARCH_USER_PATHS = NO;
				CLANG_ANALYZER_NONNULL = YES;
				CLANG_ANALYZER_NUMBER_OBJECT_CONVERSION = YES_AGGRESSIVE;
				CLANG_CXX_LANGUAGE_STANDARD = "gnu++14";
				CLANG_CXX_LIBRARY = "libc++";
				CLANG_ENABLE_MODULES = YES;
				CLANG_ENABLE_OBJC_ARC = YES;
				CLANG_ENABLE_OBJC_WEAK = YES;
				CLANG_WARN_BLOCK_CAPTURE_AUTORELEASING = YES;
				CLANG_WARN_BOOL_CONVERSION = YES;
				CLANG_WARN_COMMA = YES;
				CLANG_WARN_CONSTANT_CONVERSION = YES;
				CLANG_WARN_DEPRECATED_OBJC_IMPLEMENTATIONS = YES;
				CLANG_WARN_DIRECT_OBJC_ISA_USAGE = YES_ERROR;
				CLANG_WARN_DOCUMENTATION_COMMENTS = YES;
				CLANG_WARN_EMPTY_BODY = YES;
				CLANG_WARN_ENUM_CONVERSION = YES;
				CLANG_WARN_INFINITE_RECURSION = YES;
				CLANG_WARN_INT_CONVERSION = YES;
				CLANG_WARN_NON_LITERAL_NULL_CONVERSION = YES;
				CLANG_WARN_OBJC_IMPLICIT_RETAIN_SELF = YES;
				CLANG_WARN_OBJC_LITERAL_CONVERSION = YES;
				CLANG_WARN_OBJC_ROOT_CLASS = YES_ERROR;
				CLANG_WARN_QUOTED_INCLUDE_IN_FRAMEWORK_HEADER = YES;
				CLANG_WARN_RANGE_LOOP_ANALYSIS = YES;
				CLANG_WARN_STRICT_PROTOTYPES = YES;
				CLANG_WARN_SUSPICIOUS_MOVE = YES;
				CLANG_WARN_UNGUARDED_AVAILABILITY = YES_AGGRESSIVE;
				CLANG_WARN_UNREACHABLE_CODE = YES;
				CLANG_WARN__DUPLICATE_METHOD_MATCH = YES;
				COPY_PHASE_STRIP = NO;
				DEBUG_INFORMATION_FORMAT = "dwarf-with-dsym";
				ENABLE_NS_ASSERTIONS = NO;
				ENABLE_STRICT_OBJC_MSGSEND = YES;
				GCC_C_LANGUAGE_STANDARD = gnu11;
				GCC_NO_COMMON_BLOCKS = YES;
				GCC_WARN_64_TO_32_BIT_CONVERSION = YES;
				GCC_WARN_ABOUT_RETURN_TYPE = YES_ERROR;
				GCC_WARN_UNDECLARED_SELECTOR = YES;
				GCC_WARN_UNINITIALIZED_AUTOS = YES_AGGRESSIVE;
				GCC_WARN_UNUSED_FUNCTION = YES;
				GCC_WARN_UNUSED_VARIABLE = YES;
				IPHONEOS_DEPLOYMENT_TARGET = 14.5;
				MTL_ENABLE_DEBUG_INFO = NO;
				MTL_FAST_MATH = YES;
				SDKROOT = iphoneos;
				SWIFT_COMPILATION_MODE = wholemodule;
				SWIFT_OPTIMIZATION_LEVEL = "-O";
				VALIDATE_PRODUCT = YES;
			};
			name = Release;
		};
		C8FCB48728912E4A00AE018F /* Debug */ = {
			isa = XCBuildConfiguration;
			buildSettings = {
				ASSETCATALOG_COMPILER_APPICON_NAME = AppIcon;
				ASSETCATALOG_COMPILER_GLOBAL_ACCENT_COLOR_NAME = AccentColor;
				CODE_SIGN_STYLE = Automatic;
				DEVELOPMENT_TEAM = ZXWF3WYS4X;
				INFOPLIST_FILE = LearnZero/resourses/Info.plist;
				IPHONEOS_DEPLOYMENT_TARGET = 13.0;
				LD_RUNPATH_SEARCH_PATHS = (
					"$(inherited)",
					"@executable_path/Frameworks",
				);
				PRODUCT_BUNDLE_IDENTIFIER = com.sliamand.LearnZero;
				PRODUCT_NAME = "$(TARGET_NAME)";
				SWIFT_VERSION = 5.0;
				TARGETED_DEVICE_FAMILY = 1;
			};
			name = Debug;
		};
		C8FCB48828912E4A00AE018F /* Release */ = {
			isa = XCBuildConfiguration;
			buildSettings = {
				ASSETCATALOG_COMPILER_APPICON_NAME = AppIcon;
				ASSETCATALOG_COMPILER_GLOBAL_ACCENT_COLOR_NAME = AccentColor;
				CODE_SIGN_STYLE = Automatic;
				DEVELOPMENT_TEAM = ZXWF3WYS4X;
				INFOPLIST_FILE = LearnZero/resourses/Info.plist;
				IPHONEOS_DEPLOYMENT_TARGET = 13.0;
				LD_RUNPATH_SEARCH_PATHS = (
					"$(inherited)",
					"@executable_path/Frameworks",
				);
				PRODUCT_BUNDLE_IDENTIFIER = com.sliamand.LearnZero;
				PRODUCT_NAME = "$(TARGET_NAME)";
				SWIFT_VERSION = 5.0;
				TARGETED_DEVICE_FAMILY = 1;
			};
			name = Release;
		};
		C8FCB48A28912E4A00AE018F /* Debug */ = {
			isa = XCBuildConfiguration;
			buildSettings = {
				ALWAYS_EMBED_SWIFT_STANDARD_LIBRARIES = YES;
				BUNDLE_LOADER = "$(TEST_HOST)";
				CODE_SIGN_STYLE = Automatic;
				DEVELOPMENT_TEAM = ZXWF3WYS4X;
				INFOPLIST_FILE = LearnZeroTests/Info.plist;
				IPHONEOS_DEPLOYMENT_TARGET = 14.5;
				LD_RUNPATH_SEARCH_PATHS = (
					"$(inherited)",
					"@executable_path/Frameworks",
					"@loader_path/Frameworks",
				);
				PRODUCT_BUNDLE_IDENTIFIER = com.sliamand.LearnZeroTests;
				PRODUCT_NAME = "$(TARGET_NAME)";
				SWIFT_VERSION = 5.0;
				TARGETED_DEVICE_FAMILY = "1,2";
				TEST_HOST = "$(BUILT_PRODUCTS_DIR)/LearnZero.app/LearnZero";
			};
			name = Debug;
		};
		C8FCB48B28912E4A00AE018F /* Release */ = {
			isa = XCBuildConfiguration;
			buildSettings = {
				ALWAYS_EMBED_SWIFT_STANDARD_LIBRARIES = YES;
				BUNDLE_LOADER = "$(TEST_HOST)";
				CODE_SIGN_STYLE = Automatic;
				DEVELOPMENT_TEAM = ZXWF3WYS4X;
				INFOPLIST_FILE = LearnZeroTests/Info.plist;
				IPHONEOS_DEPLOYMENT_TARGET = 14.5;
				LD_RUNPATH_SEARCH_PATHS = (
					"$(inherited)",
					"@executable_path/Frameworks",
					"@loader_path/Frameworks",
				);
				PRODUCT_BUNDLE_IDENTIFIER = com.sliamand.LearnZeroTests;
				PRODUCT_NAME = "$(TARGET_NAME)";
				SWIFT_VERSION = 5.0;
				TARGETED_DEVICE_FAMILY = "1,2";
				TEST_HOST = "$(BUILT_PRODUCTS_DIR)/LearnZero.app/LearnZero";
			};
			name = Release;
		};
		C8FCB48D28912E4A00AE018F /* Debug */ = {
			isa = XCBuildConfiguration;
			buildSettings = {
				ALWAYS_EMBED_SWIFT_STANDARD_LIBRARIES = YES;
				CODE_SIGN_STYLE = Automatic;
				DEVELOPMENT_TEAM = ZXWF3WYS4X;
				INFOPLIST_FILE = LearnZeroUITests/Info.plist;
				LD_RUNPATH_SEARCH_PATHS = (
					"$(inherited)",
					"@executable_path/Frameworks",
					"@loader_path/Frameworks",
				);
				PRODUCT_BUNDLE_IDENTIFIER = com.sliamand.LearnZeroUITests;
				PRODUCT_NAME = "$(TARGET_NAME)";
				SWIFT_VERSION = 5.0;
				TARGETED_DEVICE_FAMILY = "1,2";
				TEST_TARGET_NAME = LearnZero;
			};
			name = Debug;
		};
		C8FCB48E28912E4A00AE018F /* Release */ = {
			isa = XCBuildConfiguration;
			buildSettings = {
				ALWAYS_EMBED_SWIFT_STANDARD_LIBRARIES = YES;
				CODE_SIGN_STYLE = Automatic;
				DEVELOPMENT_TEAM = ZXWF3WYS4X;
				INFOPLIST_FILE = LearnZeroUITests/Info.plist;
				LD_RUNPATH_SEARCH_PATHS = (
					"$(inherited)",
					"@executable_path/Frameworks",
					"@loader_path/Frameworks",
				);
				PRODUCT_BUNDLE_IDENTIFIER = com.sliamand.LearnZeroUITests;
				PRODUCT_NAME = "$(TARGET_NAME)";
				SWIFT_VERSION = 5.0;
				TARGETED_DEVICE_FAMILY = "1,2";
				TEST_TARGET_NAME = LearnZero;
			};
			name = Release;
		};
/* End XCBuildConfiguration section */

/* Begin XCConfigurationList section */
		C8FCB45428912E4900AE018F /* Build configuration list for PBXProject "LearnZero" */ = {
			isa = XCConfigurationList;
			buildConfigurations = (
				C8FCB48428912E4A00AE018F /* Debug */,
				C8FCB48528912E4A00AE018F /* Release */,
			);
			defaultConfigurationIsVisible = 0;
			defaultConfigurationName = Release;
		};
		C8FCB48628912E4A00AE018F /* Build configuration list for PBXNativeTarget "LearnZero" */ = {
			isa = XCConfigurationList;
			buildConfigurations = (
				C8FCB48728912E4A00AE018F /* Debug */,
				C8FCB48828912E4A00AE018F /* Release */,
			);
			defaultConfigurationIsVisible = 0;
			defaultConfigurationName = Release;
		};
		C8FCB48928912E4A00AE018F /* Build configuration list for PBXNativeTarget "LearnZeroTests" */ = {
			isa = XCConfigurationList;
			buildConfigurations = (
				C8FCB48A28912E4A00AE018F /* Debug */,
				C8FCB48B28912E4A00AE018F /* Release */,
			);
			defaultConfigurationIsVisible = 0;
			defaultConfigurationName = Release;
		};
		C8FCB48C28912E4A00AE018F /* Build configuration list for PBXNativeTarget "LearnZeroUITests" */ = {
			isa = XCConfigurationList;
			buildConfigurations = (
				C8FCB48D28912E4A00AE018F /* Debug */,
				C8FCB48E28912E4A00AE018F /* Release */,
			);
			defaultConfigurationIsVisible = 0;
			defaultConfigurationName = Release;
		};
/* End XCConfigurationList section */

/* Begin XCVersionGroup section */
		C8FCB46528912E4A00AE018F /* LearnZero.xcdatamodeld */ = {
			isa = XCVersionGroup;
			children = (
				C8FCB46628912E4A00AE018F /* LearnZero.xcdatamodel */,
			);
			currentVersion = C8FCB46628912E4A00AE018F /* LearnZero.xcdatamodel */;
			path = LearnZero.xcdatamodeld;
			sourceTree = "<group>";
			versionGroupType = wrapper.xcdatamodel;
		};
/* End XCVersionGroup section */
	};
	rootObject = C8FCB45128912E4900AE018F /* Project object */;
}
